
Microsoft Visual Studio Solution File, Format Version 12.00
# Visual Studio Express 2013 for Web
VisualStudioVersion = 12.0.21005.1
MinimumVisualStudioVersion = 10.0.40219.1
Project("{FAE04EC0-301F-11D3-BF4B-00C04F79EFBC}") = "SportStore.Domain", "SportStore.Domain\SportStore.Domain.csproj", "{6F9F8D09-88F4-49B7-B92D-4F63C1B57EFE}"
EndProject
Project("{FAE04EC0-301F-11D3-BF4B-00C04F79EFBC}") = "SportStore.WebUI", "SportStore.WebUI\SportStore.WebUI.csproj", "{26562379-8C8F-4C99-B33C-CC3221B4D58A}"
EndProject
Project("{FAE04EC0-301F-11D3-BF4B-00C04F79EFBC}") = "SportStore.UnitTest", "SportStore.UnitTest\SportStore.UnitTest.csproj", "{E2CBA2CA-9DE5-4284-8583-DFD94FE70597}"
EndProject
Global
	GlobalSection(SolutionConfigurationPlatforms) = preSolution
		Debug|Any CPU = Debug|Any CPU
		Release|Any CPU = Release|Any CPU
	EndGlobalSection
	GlobalSection(ProjectConfigurationPlatforms) = postSolution
		{6F9F8D09-88F4-49B7-B92D-4F63C1B57EFE}.Debug|Any CPU.ActiveCfg = Debug|Any CPU
		{6F9F8D09-88F4-49B7-B92D-4F63C1B57EFE}.Debug|Any CPU.Build.0 = Debug|Any CPU
		{6F9F8D09-88F4-49B7-B92D-4F63C1B57EFE}.Release|Any CPU.ActiveCfg = Release|Any CPU
		{6F9F8D09-88F4-49B7-B92D-4F63C1B57EFE}.Release|Any CPU.Build.0 = Release|Any CPU
		{26562379-8C8F-4C99-B33C-CC3221B4D58A}.Debug|Any CPU.ActiveCfg = Debug|Any CPU
		{26562379-8C8F-4C99-B33C-CC3221B4D58A}.Debug|Any CPU.Build.0 = Debug|Any CPU
		{26562379-8C8F-4C99-B33C-CC3221B4D58A}.Release|Any CPU.ActiveCfg = Release|Any CPU
		{26562379-8C8F-4C99-B33C-CC3221B4D58A}.Release|Any CPU.Build.0 = Release|Any CPU
		{E2CBA2CA-9DE5-4284-8583-DFD94FE70597}.Debug|Any CPU.ActiveCfg = Debug|Any CPU
		{E2CBA2CA-9DE5-4284-8583-DFD94FE70597}.Debug|Any CPU.Build.0 = Debug|Any CPU
		{E2CBA2CA-9DE5-4284-8583-DFD94FE70597}.Release|Any CPU.ActiveCfg = Release|Any CPU
		{E2CBA2CA-9DE5-4284-8583-DFD94FE70597}.Release|Any CPU.Build.0 = Release|Any CPU
	EndGlobalSection
	GlobalSection(SolutionProperties) = preSolution
		HideSolutionNode = FALSE
	EndGlobalSection
EndGlobal
