
Microsoft Visual Studio Solution File, Format Version 12.00
# Visual Studio Express 2013 for Web
VisualStudioVersion = 12.0.21005.1
MinimumVisualStudioVersion = 10.0.40219.1
Project("{FAE04EC0-301F-11D3-BF4B-00C04F79EFBC}") = "EnsentialTools", "EnsentialTools\EnsentialTools.csproj", "{DCD37609-E9B9-4EFB-875B-9C598FD41FF1}"
EndProject
Project("{FAE04EC0-301F-11D3-BF4B-00C04F79EFBC}") = "EnsentitalTool.Tests", "EnsentitalTool.Tests\EnsentitalTool.Tests.csproj", "{7C69DE97-F849-45B3-988D-6872AF409AE7}"
EndProject
Global
	GlobalSection(SolutionConfigurationPlatforms) = preSolution
		Debug|Any CPU = Debug|Any CPU
		Release|Any CPU = Release|Any CPU
	EndGlobalSection
	GlobalSection(ProjectConfigurationPlatforms) = postSolution
		{DCD37609-E9B9-4EFB-875B-9C598FD41FF1}.Debug|Any CPU.ActiveCfg = Debug|Any CPU
		{DCD37609-E9B9-4EFB-875B-9C598FD41FF1}.Debug|Any CPU.Build.0 = Debug|Any CPU
		{DCD37609-E9B9-4EFB-875B-9C598FD41FF1}.Release|Any CPU.ActiveCfg = Release|Any CPU
		{DCD37609-E9B9-4EFB-875B-9C598FD41FF1}.Release|Any CPU.Build.0 = Release|Any CPU
		{7C69DE97-F849-45B3-988D-6872AF409AE7}.Debug|Any CPU.ActiveCfg = Debug|Any CPU
		{7C69DE97-F849-45B3-988D-6872AF409AE7}.Debug|Any CPU.Build.0 = Debug|Any CPU
		{7C69DE97-F849-45B3-988D-6872AF409AE7}.Release|Any CPU.ActiveCfg = Release|Any CPU
		{7C69DE97-F849-45B3-988D-6872AF409AE7}.Release|Any CPU.Build.0 = Release|Any CPU
	EndGlobalSection
	GlobalSection(SolutionProperties) = preSolution
		HideSolutionNode = FALSE
	EndGlobalSection
EndGlobal
